// !$*UTF8*$!
{
	archiveVersion = 1;
	classes = {
	};
	objectVersion = 77;
	objects = {

/* Begin PBXContainerItemProxy section */
		AC545933B20D5E0F9C03466C /* PBXContainerItemProxy */ = {
			isa = PBXContainerItemProxy;
			containerPortal = 3C06407D6DE250DA4DBF4A3A /* Project object */;
			proxyType = 1;
			remoteGlobalIDString = 2CF9360D67DA67BBD00EA48F;
			remoteInfo = UsageTracker;
		};
/* End PBXContainerItemProxy section */

/* Begin PBXFileReference section */
		41A5CA3C9CA65252C553FB79 /* Info.plist */ = {isa = PBXFileReference; lastKnownFileType = text.plist; path = Info.plist; sourceTree = "<group>"; };
		4953FB3586CE7633A2E32D6E /* UsageTracker.app */ = {isa = PBXFileReference; explicitFileType = wrapper.application; includeInIndex = 0; path = UsageTracker.app; sourceTree = BUILT_PRODUCTS_DIR; };
		EDDD244957B06495BE23AD4F /* UsageTrackerTests.xctest */ = {isa = PBXFileReference; explicitFileType = wrapper.cfbundle; includeInIndex = 0; path = UsageTrackerTests.xctest; sourceTree = BUILT_PRODUCTS_DIR; };
/* End PBXFileReference section */

/* Begin PBXGroup section */
		1A9B17A60A8DE899132E6E46 /* Products */ = {
			isa = PBXGroup;
			children = (
				4953FB3586CE7633A2E32D6E /* UsageTracker.app */,
				EDDD244957B06495BE23AD4F /* UsageTrackerTests.xctest */,
			);
			name = Products;
			sourceTree = "<group>";
		};
		32FA45960CFADE9A0E77802B /* UsageTrackerTests */ = {
			isa = PBXGroup;
			children = (
			);
			path = UsageTrackerTests;
			sourceTree = "<group>";
		};
		46E86F16464B76CF079F16BA /* Resources */ = {
			isa = PBXGroup;
			children = (
				A2F9CCF1878E4C4A029AB480 /* DefaultPlugins */,
			);
			path = Resources;
			sourceTree = "<group>";
		};
		4EBA943C16FAC8438A1B76E8 /* Views */ = {
			isa = PBXGroup;
			children = (
			);
			path = Views;
			sourceTree = "<group>";
		};
		62E7DDC98B6B2EF998934642 = {
			isa = PBXGroup;
			children = (
				C6879A64B1182E989F2C8980 /* UsageTracker */,
				32FA45960CFADE9A0E77802B /* UsageTrackerTests */,
				1A9B17A60A8DE899132E6E46 /* Products */,
			);
			sourceTree = "<group>";
		};
		A2F9CCF1878E4C4A029AB480 /* DefaultPlugins */ = {
			isa = PBXGroup;
			children = (
			);
			path = DefaultPlugins;
			sourceTree = "<group>";
		};
		C6879A64B1182E989F2C8980 /* UsageTracker */ = {
			isa = PBXGroup;
			children = (
				41A5CA3C9CA65252C553FB79 /* Info.plist */,
				46E86F16464B76CF079F16BA /* Resources */,
				4EBA943C16FAC8438A1B76E8 /* Views */,
			);
			path = UsageTracker;
			sourceTree = "<group>";
		};
/* End PBXGroup section */

/* Begin PBXNativeTarget section */
		2CF9360D67DA67BBD00EA48F /* UsageTracker */ = {
			isa = PBXNativeTarget;
			buildConfigurationList = C0043119B8D16E491EE1BB49 /* Build configuration list for PBXNativeTarget "UsageTracker" */;
			buildPhases = (
				B23799BE2D1ABA1509F5C910 /* Sources */,
			);
			buildRules = (
			);
			dependencies = (
			);
			name = UsageTracker;
			packageProductDependencies = (
			);
			productName = UsageTracker;
			productReference = 4953FB3586CE7633A2E32D6E /* UsageTracker.app */;
			productType = "com.apple.product-type.application";
		};
		E5A273A859B68C8DE3ED2C81 /* UsageTrackerTests */ = {
			isa = PBXNativeTarget;
			buildConfigurationList = 7BD0C04DB3652CB4695DE8A6 /* Build configuration list for PBXNativeTarget "UsageTrackerTests" */;
			buildPhases = (
				8D363D08668F2B7E3F700B44 /* Sources */,
			);
			buildRules = (
			);
			dependencies = (
				3E07A4DABB4BCE37C0FFB60D /* PBXTargetDependency */,
			);
			name = UsageTrackerTests;
			packageProductDependencies = (
			);
			productName = UsageTrackerTests;
			productReference = EDDD244957B06495BE23AD4F /* UsageTrackerTests.xctest */;
			productType = "com.apple.product-type.bundle.unit-test";
		};
/* End PBXNativeTarget section */

/* Begin PBXProject section */
		3C06407D6DE250DA4DBF4A3A /* Project object */ = {
			isa = PBXProject;
			attributes = {
				BuildIndependentTargetsInParallel = YES;
				LastUpgradeCheck = 1500;
				TargetAttributes = {
					2CF9360D67DA67BBD00EA48F = {
						ProvisioningStyle = Automatic;
					};
				};
			};
			buildConfigurationList = 261F44DD10320E05807BE408 /* Build configuration list for PBXProject "UsageTracker" */;
			compatibilityVersion = "Xcode 14.0";
			developmentRegion = en;
			hasScannedForEncodings = 0;
			knownRegions = (
				Base,
				en,
			);
			mainGroup = 62E7DDC98B6B2EF998934642;
			minimizedProjectReferenceProxies = 1;
			preferredProjectObjectVersion = 77;
			projectDirPath = "";
			projectRoot = "";
			targets = (
				2CF9360D67DA67BBD00EA48F /* UsageTracker */,
				E5A273A859B68C8DE3ED2C81 /* UsageTrackerTests */,
			);
		};
/* End PBXProject section */

/* Begin PBXSourcesBuildPhase section */
		8D363D08668F2B7E3F700B44 /* Sources */ = {
			isa = PBXSourcesBuildPhase;
			buildActionMask = 2147483647;
			files = (
			);
			runOnlyForDeploymentPostprocessing = 0;
		};
		B23799BE2D1ABA1509F5C910 /* Sources */ = {
			isa = PBXSourcesBuildPhase;
			buildActionMask = 2147483647;
			files = (
			);
			runOnlyForDeploymentPostprocessing = 0;
		};
/* End PBXSourcesBuildPhase section */

/* Begin PBXTargetDependency section */
		3E07A4DABB4BCE37C0FFB60D /* PBXTargetDependency */ = {
			isa = PBXTargetDependency;
			target = 2CF9360D67DA67BBD00EA48F /* UsageTracker */;
			targetProxy = AC545933B20D5E0F9C03466C /* PBXContainerItemProxy */;
		};
/* End PBXTargetDependency section */

/* Begin XCBuildConfiguration section */
		0EEAAC2E2C333E45366627EF /* Debug */ = {
			isa = XCBuildConfiguration;
			buildSettings = {
				BUNDLE_LOADER = "$(TEST_HOST)";
				COMBINE_HIDPI_IMAGES = YES;
				LD_RUNPATH_SEARCH_PATHS = (
					"$(inherited)",
					"@executable_path/../Frameworks",
					"@loader_path/../Frameworks",
				);
				PRODUCT_BUNDLE_IDENTIFIER = com.usagetracker.tests;
				SDKROOT = macosx;
				TEST_HOST = "$(BUILT_PRODUCTS_DIR)/UsageTracker.app/Contents/MacOS/UsageTracker";
			};
			name = Debug;
		};
		7CDD0975F5A810C8F1BAC793 /* Debug */ = {
			isa = XCBuildConfiguration;
			buildSettings = {
				ALWAYS_SEARCH_USER_PATHS = NO;
				CLANG_ANALYZER_NONNULL = YES;
				CLANG_ANALYZER_NUMBER_OBJECT_CONVERSION = YES_AGGRESSIVE;
				CLANG_CXX_LANGUAGE_STANDARD = "gnu++14";
				CLANG_CXX_LIBRARY = "libc++";
				CLANG_ENABLE_MODULES = YES;
				CLANG_ENABLE_OBJC_ARC = YES;
				CLANG_ENABLE_OBJC_WEAK = YES;
				CLANG_WARN_BLOCK_CAPTURE_AUTORELEASING = YES;
				CLANG_WARN_BOOL_CONVERSION = YES;
				CLANG_WARN_COMMA = YES;
				CLANG_WARN_CONSTANT_CONVERSION = YES;
				CLANG_WARN_DEPRECATED_OBJC_IMPLEMENTATIONS = YES;
				CLANG_WARN_DIRECT_OBJC_ISA_USAGE = YES_ERROR;
				CLANG_WARN_DOCUMENTATION_COMMENTS = YES;
				CLANG_WARN_EMPTY_BODY = YES;
				CLANG_WARN_ENUM_CONVERSION = YES;
				CLANG_WARN_INFINITE_RECURSION = YES;
				CLANG_WARN_INT_CONVERSION = YES;
				CLANG_WARN_NON_LITERAL_NULL_CONVERSION = YES;
				CLANG_WARN_OBJC_IMPLICIT_RETAIN_SELF = YES;
				CLANG_WARN_OBJC_LITERAL_CONVERSION = YES;
				CLANG_WARN_OBJC_ROOT_CLASS = YES_ERROR;
				CLANG_WARN_QUOTED_INCLUDE_IN_FRAMEWORK_HEADER = YES;
				CLANG_WARN_RANGE_LOOP_ANALYSIS = YES;
				CLANG_WARN_STRICT_PROTOTYPES = YES;
				CLANG_WARN_SUSPICIOUS_MOVE = YES;
				CLANG_WARN_UNGUARDED_AVAILABILITY = YES_AGGRESSIVE;
				CLANG_WARN_UNREACHABLE_CODE = YES;
				CLANG_WARN__DUPLICATE_METHOD_MATCH = YES;
				COPY_PHASE_STRIP = NO;
				DEBUG_INFORMATION_FORMAT = dwarf;
				ENABLE_STRICT_OBJC_MSGSEND = YES;
				ENABLE_TESTABILITY = YES;
				GCC_C_LANGUAGE_STANDARD = gnu11;
				GCC_DYNAMIC_NO_PIC = NO;
				GCC_NO_COMMON_BLOCKS = YES;
				GCC_OPTIMIZATION_LEVEL = 0;
				GCC_PREPROCESSOR_DEFINITIONS = (
					"$(inherited)",
					"DEBUG=1",
				);
				GCC_WARN_64_TO_32_BIT_CONVERSION = YES;
				GCC_WARN_ABOUT_RETURN_TYPE = YES_ERROR;
				GCC_WARN_UNDECLARED_SELECTOR = YES;
				GCC_WARN_UNINITIALIZED_AUTOS = YES_AGGRESSIVE;
				GCC_WARN_UNUSED_FUNCTION = YES;
				GCC_WARN_UNUSED_VARIABLE = YES;
				MACOSX_DEPLOYMENT_TARGET = 14.0;
				MTL_ENABLE_DEBUG_INFO = INCLUDE_SOURCE;
				MTL_FAST_MATH = YES;
				ONLY_ACTIVE_ARCH = YES;
				PRODUCT_NAME = "$(TARGET_NAME)";
				SDKROOT = macosx;
				SWIFT_ACTIVE_COMPILATION_CONDITIONS = DEBUG;
				SWIFT_OPTIMIZATION_LEVEL = "-Onone";
				SWIFT_VERSION = 5.9;
			};
			name = Debug;
		};
		CEC837AE2F0DE62A58E4EB4C /* Release */ = {
			isa = XCBuildConfiguration;
			buildSettings = {
				ALWAYS_SEARCH_USER_PATHS = NO;
				CLANG_ANALYZER_NONNULL = YES;
				CLANG_ANALYZER_NUMBER_OBJECT_CONVERSION = YES_AGGRESSIVE;
				CLANG_CXX_LANGUAGE_STANDARD = "gnu++14";
				CLANG_CXX_LIBRARY = "libc++";
				CLANG_ENABLE_MODULES = YES;
				CLANG_ENABLE_OBJC_ARC = YES;
				CLANG_ENABLE_OBJC_WEAK = YES;
				CLANG_WARN_BLOCK_CAPTURE_AUTORELEASING = YES;
				CLANG_WARN_BOOL_CONVERSION = YES;
				CLANG_WARN_COMMA = YES;
				CLANG_WARN_CONSTANT_CONVERSION = YES;
				CLANG_WARN_DEPRECATED_OBJC_IMPLEMENTATIONS = YES;
				CLANG_WARN_DIRECT_OBJC_ISA_USAGE = YES_ERROR;
				CLANG_WARN_DOCUMENTATION_COMMENTS = YES;
				CLANG_WARN_EMPTY_BODY = YES;
				CLANG_WARN_ENUM_CONVERSION = YES;
				CLANG_WARN_INFINITE_RECURSION = YES;
				CLANG_WARN_INT_CONVERSION = YES;
				CLANG_WARN_NON_LITERAL_NULL_CONVERSION = YES;
				CLANG_WARN_OBJC_IMPLICIT_RETAIN_SELF = YES;
				CLANG_WARN_OBJC_LITERAL_CONVERSION = YES;
				CLANG_WARN_OBJC_ROOT_CLASS = YES_ERROR;
				CLANG_WARN_QUOTED_INCLUDE_IN_FRAMEWORK_HEADER = YES;
				CLANG_WARN_RANGE_LOOP_ANALYSIS = YES;
				CLANG_WARN_STRICT_PROTOTYPES = YES;
				CLANG_WARN_SUSPICIOUS_MOVE = YES;
				CLANG_WARN_UNGUARDED_AVAILABILITY = YES_AGGRESSIVE;
				CLANG_WARN_UNREACHABLE_CODE = YES;
				CLANG_WARN__DUPLICATE_METHOD_MATCH = YES;
				COPY_PHASE_STRIP = NO;
				DEBUG_INFORMATION_FORMAT = "dwarf-with-dsym";
				ENABLE_NS_ASSERTIONS = NO;
				ENABLE_STRICT_OBJC_MSGSEND = YES;
				GCC_C_LANGUAGE_STANDARD = gnu11;
				GCC_NO_COMMON_BLOCKS = YES;
				GCC_WARN_64_TO_32_BIT_CONVERSION = YES;
				GCC_WARN_ABOUT_RETURN_TYPE = YES_ERROR;
				GCC_WARN_UNDECLARED_SELECTOR = YES;
				GCC_WARN_UNINITIALIZED_AUTOS = YES_AGGRESSIVE;
				GCC_WARN_UNUSED_FUNCTION = YES;
				GCC_WARN_UNUSED_VARIABLE = YES;
				MACOSX_DEPLOYMENT_TARGET = 14.0;
				MTL_ENABLE_DEBUG_INFO = NO;
				MTL_FAST_MATH = YES;
				PRODUCT_NAME = "$(TARGET_NAME)";
				SDKROOT = macosx;
				SWIFT_COMPILATION_MODE = wholemodule;
				SWIFT_OPTIMIZATION_LEVEL = "-O";
				SWIFT_VERSION = 5.9;
			};
			name = Release;
		};
		E24C5316045910917E2A2A0A /* Release */ = {
			isa = XCBuildConfiguration;
			buildSettings = {
				BUNDLE_LOADER = "$(TEST_HOST)";
				COMBINE_HIDPI_IMAGES = YES;
				LD_RUNPATH_SEARCH_PATHS = (
					"$(inherited)",
					"@executable_path/../Frameworks",
					"@loader_path/../Frameworks",
				);
				PRODUCT_BUNDLE_IDENTIFIER = com.usagetracker.tests;
				SDKROOT = macosx;
				TEST_HOST = "$(BUILT_PRODUCTS_DIR)/UsageTracker.app/Contents/MacOS/UsageTracker";
			};
			name = Release;
		};
		E27916A2997567C6756F9F2B /* Release */ = {
			isa = XCBuildConfiguration;
			buildSettings = {
				ASSETCATALOG_COMPILER_APPICON_NAME = AppIcon;
				CODE_SIGN_STYLE = Automatic;
				COMBINE_HIDPI_IMAGES = YES;
				ENABLE_HARDENED_RUNTIME = YES;
				INFOPLIST_FILE = UsageTracker/Info.plist;
				LD_RUNPATH_SEARCH_PATHS = "@executable_path/../Frameworks";
				PRODUCT_BUNDLE_IDENTIFIER = com.usagetracker.app;
				PRODUCT_NAME = UsageTracker;
				SDKROOT = macosx;
			};
			name = Release;
		};
		EE0ECA21613427312F96FB73 /* Debug */ = {
			isa = XCBuildConfiguration;
			buildSettings = {
				ASSETCATALOG_COMPILER_APPICON_NAME = AppIcon;
				CODE_SIGN_STYLE = Automatic;
				COMBINE_HIDPI_IMAGES = YES;
				ENABLE_HARDENED_RUNTIME = YES;
				INFOPLIST_FILE = UsageTracker/Info.plist;
				LD_RUNPATH_SEARCH_PATHS = "@executable_path/../Frameworks";
				PRODUCT_BUNDLE_IDENTIFIER = com.usagetracker.app;
				PRODUCT_NAME = UsageTracker;
				SDKROOT = macosx;
			};
			name = Debug;
		};
/* End XCBuildConfiguration section */

/* Begin XCConfigurationList section */
		261F44DD10320E05807BE408 /* Build configuration list for PBXProject "UsageTracker" */ = {
			isa = XCConfigurationList;
			buildConfigurations = (
				7CDD0975F5A810C8F1BAC793 /* Debug */,
				CEC837AE2F0DE62A58E4EB4C /* Release */,
			);
			defaultConfigurationIsVisible = 0;
			defaultConfigurationName = Debug;
		};
		7BD0C04DB3652CB4695DE8A6 /* Build configuration list for PBXNativeTarget "UsageTrackerTests" */ = {
			isa = XCConfigurationList;
			buildConfigurations = (
				0EEAAC2E2C333E45366627EF /* Debug */,
				E24C5316045910917E2A2A0A /* Release */,
			);
			defaultConfigurationIsVisible = 0;
			defaultConfigurationName = Debug;
		};
		C0043119B8D16E491EE1BB49 /* Build configuration list for PBXNativeTarget "UsageTracker" */ = {
			isa = XCConfigurationList;
			buildConfigurations = (
				EE0ECA21613427312F96FB73 /* Debug */,
				E27916A2997567C6756F9F2B /* Release */,
			);
			defaultConfigurationIsVisible = 0;
			defaultConfigurationName = Debug;
		};
/* End XCConfigurationList section */
	};
	rootObject = 3C06407D6DE250DA4DBF4A3A /* Project object */;
}
